# THIS IS AN AUTOGENERATED FILE. DO NOT EDIT THIS FILE DIRECTLY.
# yarn lockfile v1


"@types/node@^14.14.10":
  version "14.14.10"
  resolved "https://registry.yarnpkg.com/@types/node/-/node-14.14.10.tgz#5958a82e41863cfc71f2307b3748e3491ba03785"
  integrity sha512-J32dgx2hw8vXrSbu4ZlVhn1Nm3GbeCFNw2FWL8S5QKucHGY0cyNwjdQdO+KMBZ4wpmC7KhLCiNsdk1RFRIYUQQ==

"@types/ramda@^0.27.32":
  version "0.27.32"
  resolved "https://registry.yarnpkg.com/@types/ramda/-/ramda-0.27.32.tgz#4f62ff4fc3a41dc32dd9df3cde53861b6ee69e6f"
  integrity sha512-vdwZcWC+hlTxB//LZQLS1+VEdArImGI4yVKUpeqB8b9mBXgDFXCuQoOt8spQbi8fTyNLOdqRv6liSm2ckxWLog==
  dependencies:
    ts-toolbelt "^6.15.1"

nats@^1.4.12:
  version "1.4.12"
  resolved "https://registry.yarnpkg.com/nats/-/nats-1.4.12.tgz#11a988d5041d95dfb1b6ac1e37c0cfb57b171579"
  integrity sha512-Jf4qesEF0Ay0D4AMw3OZnKMRTQm+6oZ5q8/m4gpy5bTmiDiK6wCXbZpzEslmezGpE93LV3RojNEG6dpK/mysLQ==
  dependencies:
    nuid "^1.1.4"
    ts-nkeys "^1.0.16"

nuid@^1.1.4:
  version "1.1.4"
  resolved "https://registry.yarnpkg.com/nuid/-/nuid-1.1.4.tgz#6145710b6cc9ef0df7b94af09c6d750925939097"
  integrity sha512-PXiYyHhGfrq8H4g5HyC8enO1lz6SBe5z6x1yx/JG4tmADzDGJVQy3l1sRf3VtEvPsN8dGn9hRFRwDKWL62x0BA==

ramda@^0.27.1:
  version "0.27.1"
  resolved "https://registry.yarnpkg.com/ramda/-/ramda-0.27.1.tgz#66fc2df3ef873874ffc2da6aa8984658abacf5c9"
  integrity sha512-PgIdVpn5y5Yns8vqb8FzBUEYn98V3xcPgawAkkgj0YJ0qDsnHCiNmZYfOGMgOvoB0eWFLpYbhxUR3mxfDIMvpw==

ts-nkeys@^1.0.16:
  version "1.0.16"
  resolved "https://registry.yarnpkg.com/ts-nkeys/-/ts-nkeys-1.0.16.tgz#b0c6e7c4f16f976c7e7ddb6982fc789a2f971248"
  integrity sha512-1qrhAlavbm36wtW+7NtKOgxpzl+70NTF8xlz9mEhiA5zHMlMxjj3sEVKWm3pGZhHXE0Q3ykjrj+OSRVaYw+Dqg==
  dependencies:
    tweetnacl "^1.0.3"

ts-toolbelt@^6.15.1:
  version "6.15.5"
  resolved "https://registry.yarnpkg.com/ts-toolbelt/-/ts-toolbelt-6.15.5.tgz#cb3b43ed725cb63644782c64fbcad7d8f28c0a83"
  integrity sha512-FZIXf1ksVyLcfr7M317jbB67XFJhOO1YqdTcuGaq9q5jLUoTikukZ+98TPjKiP2jC5CgmYdWWYs0s2nLSU0/1A==

tweetnacl@^1.0.3:
  version "1.0.3"
  resolved "https://registry.yarnpkg.com/tweetnacl/-/tweetnacl-1.0.3.tgz#ac0af71680458d8a6378d0d0d050ab1407d35596"
  integrity sha512-6rt+RN7aOi1nGMyC4Xa5DdYiukl2UWCbcJft7YhxReBGQD7OAM8Pbxw6YMo4r2diNEA8FEmu32YOn9rhaiE5yw==

typescript@^4.1.2:
  version "4.1.2"
  resolved "https://registry.yarnpkg.com/typescript/-/typescript-4.1.2.tgz#6369ef22516fe5e10304aae5a5c4862db55380e9"
  integrity sha512-thGloWsGH3SOxv1SoY7QojKi0tc+8FnOmiarEGMbd/lar7QOEd3hvlx3Fp5y6FlDUGl9L+pd4n2e+oToGMmhRQ==
